// !$*UTF8*$!
{
	archiveVersion = 1;
	classes = {
	};
	objectVersion = 46;
	objects = {

/* Begin PBXGroup section */
		42A7E67A1B3AFA8700BF79DC = {
			isa = PBXGroup;
			children = (
			);
			sourceTree = "<group>";
		};
/* End PBXGroup section */

/* Begin PBXProject section */
		42A7E67B1B3AFA8700BF79DC /* Project object */ = {
			isa = PBXProject;
			attributes = {
				LastUpgradeCheck = 0630;
			};
			buildConfigurationList = 42A7E67E1B3AFA8700BF79DC /* Build configuration list for PBXProject "ASTAR" */;
			compatibilityVersion = "Xcode 3.2";
			developmentRegion = English;
			hasScannedForEncodings = 0;
			knownRegions = (
				en,
			);
			mainGroup = 42A7E67A1B3AFA8700BF79DC;
			projectDirPath = "";
			projectRoot = "";
			targets = (
			);
		};
/* End PBXProject section */

/* Begin XCBuildConfiguration section */
		42A7E67F1B3AFA8700BF79DC /* Debug */ = {
			isa = XCBuildConfiguration;
			buildSettings = {
			};
			name = Debug;
		};
		42A7E6801B3AFA8700BF79DC /* Release */ = {
			isa = XCBuildConfiguration;
			buildSettings = {
			};
			name = Release;
		};
/* End XCBuildConfiguration section */

/* Begin XCConfigurationList section */
		42A7E67E1B3AFA8700BF79DC /* Build configuration list for PBXProject "ASTAR" */ = {
			isa = XCConfigurationList;
			buildConfigurations = (
				42A7E67F1B3AFA8700BF79DC /* Debug */,
				42A7E6801B3AFA8700BF79DC /* Release */,
			);
			defaultConfigurationIsVisible = 0;
			defaultConfigurationName = Release;
		};
/* End XCConfigurationList section */
	};
	rootObject = 42A7E67B1B3AFA8700BF79DC /* Project object */;
}
